{
  "name": "node-red-contrib-posixmq",
  "version": "0.2.0",
  "lockfileVersion": 1,
  "requires": true,
  "dependencies": {
    "nan": {
      "version": "2.4.0",
      "resolved": "http://registry.npmjs.org/nan/-/nan-2.4.0.tgz",
      "integrity": "sha1-+zxZ1F/k7/4hXwuJD4rfbrMtIjI="
    },
    "posix-mq": {
      "version": "1.0.2",
      "resolved": "http://registry.npmjs.org/posix-mq/-/posix-mq-1.0.2.tgz",
      "integrity": "sha1-W3IK8T9kWYLVuT0lxh9vdZpV+7w=",
      "requires": {
        "nan": "2.4.0"
      }
    }
  }
}
